
Microsoft Visual Studio Solution File, Format Version 12.00
# Visual Studio Version 16
VisualStudioVersion = 16.0.31321.278
MinimumVisualStudioVersion = 10.0.40219.1
Project("{FAE04EC0-301F-11D3-BF4B-00C04F79EFBC}") = "TTGCards", "TTGCards\TTGCards.csproj", "{4C58BA65-0233-4EBB-99C0-F0BFF14F0D30}"
EndProject
Global
	GlobalSection(SolutionConfigurationPlatforms) = preSolution
		Debug|Any CPU = Debug|Any CPU
		Release|Any CPU = Release|Any CPU
	EndGlobalSection
	GlobalSection(ProjectConfigurationPlatforms) = postSolution
		{4C58BA65-0233-4EBB-99C0-F0BFF14F0D30}.Debug|Any CPU.ActiveCfg = Debug|Any CPU
		{4C58BA65-0233-4EBB-99C0-F0BFF14F0D30}.Debug|Any CPU.Build.0 = Debug|Any CPU
		{4C58BA65-0233-4EBB-99C0-F0BFF14F0D30}.Release|Any CPU.ActiveCfg = Release|Any CPU
		{4C58BA65-0233-4EBB-99C0-F0BFF14F0D30}.Release|Any CPU.Build.0 = Release|Any CPU
	EndGlobalSection
	GlobalSection(SolutionProperties) = preSolution
		HideSolutionNode = FALSE
	EndGlobalSection
	GlobalSection(ExtensibilityGlobals) = postSolution
		SolutionGuid = {476B8A55-0D58-4BF1-95E5-09E9EADB663A}
	EndGlobalSection
EndGlobal
